
Microsoft Visual Studio Solution File, Format Version 12.00
# Visual Studio Version 16
VisualStudioVersion = 16.0.29424.173
MinimumVisualStudioVersion = 10.0.40219.1
Project("{FAE04EC0-301F-11D3-BF4B-00C04F79EFBC}") = "Bank", "Bank\Bank.csproj", "{43601977-8667-4899-A2AC-8AC7D035F1BA}"
EndProject
Global
	GlobalSection(SolutionConfigurationPlatforms) = preSolution
		Debug|Any CPU = Debug|Any CPU
		Release|Any CPU = Release|Any CPU
	EndGlobalSection
	GlobalSection(ProjectConfigurationPlatforms) = postSolution
		{43601977-8667-4899-A2AC-8AC7D035F1BA}.Debug|Any CPU.ActiveCfg = Debug|Any CPU
		{43601977-8667-4899-A2AC-8AC7D035F1BA}.Debug|Any CPU.Build.0 = Debug|Any CPU
		{43601977-8667-4899-A2AC-8AC7D035F1BA}.Release|Any CPU.ActiveCfg = Release|Any CPU
		{43601977-8667-4899-A2AC-8AC7D035F1BA}.Release|Any CPU.Build.0 = Release|Any CPU
	EndGlobalSection
	GlobalSection(SolutionProperties) = preSolution
		HideSolutionNode = FALSE
	EndGlobalSection
	GlobalSection(ExtensibilityGlobals) = postSolution
		SolutionGuid = {F89BBC5B-2294-43F1-9265-3D6CF72D91DA}
	EndGlobalSection
EndGlobal
